<?xml version="1.0" encoding="utf-8"?>
<Project ToolsVersion="4.0" xmlns="http://schemas.microsoft.com/developer/msbuild/2003">
  <ItemGroup>
    <Filter Include="OrbE">
      <UniqueIdentifier>{4D538A7C-398A-8B0D-E276-7110CE8C070F}</UniqueIdentifier>
    </Filter>
    <Filter Include="OrbE\Events">
      <UniqueIdentifier>{91A691F0-FD5B-0AE6-8650-04BDF20401EA}</UniqueIdentifier>
    </Filter>
    <Filter Include="OrbE\ImGui">
      <UniqueIdentifier>{374E09F8-2306-4B45-8C0D-24A178E4E535}</UniqueIdentifier>
    </Filter>
    <Filter Include="Platform">
      <UniqueIdentifier>{2AC788B4-1694-E3BF-3FAD-D1672BD9184E}</UniqueIdentifier>
    </Filter>
    <Filter Include="Platform\OpenGL">
      <UniqueIdentifier>{1E7D2C1D-8A08-9AE1-9319-1DD6FF23F6E1}</UniqueIdentifier>
    </Filter>
    <Filter Include="Platform\Windows">
      <UniqueIdentifier>{64FBD71A-50F4-F66C-7926-DCF1657ED678}</UniqueIdentifier>
    </Filter>
  </ItemGroup>
  <ItemGroup>
    <ClInclude Include="src\OrbE.h" />
    <ClInclude Include="src\OrbE\App.h">
      <Filter>OrbE</Filter>
    </ClInclude>
    <ClInclude Include="src\OrbE\Core.h">
      <Filter>OrbE</Filter>
    </ClInclude>
    <ClInclude Include="src\OrbE\EntryPoint.h">
      <Filter>OrbE</Filter>
    </ClInclude>
    <ClInclude Include="src\OrbE\Events\AppEvent.h">
      <Filter>OrbE\Events</Filter>
    </ClInclude>
    <ClInclude Include="src\OrbE\Events\Event.h">
      <Filter>OrbE\Events</Filter>
    </ClInclude>
    <ClInclude Include="src\OrbE\Events\KeyEvent.h">
      <Filter>OrbE\Events</Filter>
    </ClInclude>
    <ClInclude Include="src\OrbE\Events\MouseEvent.h">
      <Filter>OrbE\Events</Filter>
    </ClInclude>
    <ClInclude Include="src\OrbE\ImGui\ImGuiLayer.h">
      <Filter>OrbE\ImGui</Filter>
    </ClInclude>
    <ClInclude Include="src\OrbE\Input.h">
      <Filter>OrbE</Filter>
    </ClInclude>
    <ClInclude Include="src\OrbE\Layer.h">
      <Filter>OrbE</Filter>
    </ClInclude>
    <ClInclude Include="src\OrbE\LayerStack.h">
      <Filter>OrbE</Filter>
    </ClInclude>
    <ClInclude Include="src\OrbE\Log.h">
      <Filter>OrbE</Filter>
    </ClInclude>
    <ClInclude Include="src\OrbE\Window.h">
      <Filter>OrbE</Filter>
    </ClInclude>
    <ClInclude Include="src\OrbPCH.h" />
    <ClInclude Include="src\Platform\OpenGL\ImGuiOpenGLRenderer.h">
      <Filter>Platform\OpenGL</Filter>
    </ClInclude>
    <ClInclude Include="src\Platform\Windows\WindowsInput.h">
      <Filter>Platform\Windows</Filter>
    </ClInclude>
    <ClInclude Include="src\Platform\Windows\WindowsWindow.h">
      <Filter>Platform\Windows</Filter>
    </ClInclude>
    <ClInclude Include="src\OrbE\KeyCodes.h" />
    <ClInclude Include="src\OrbE\MouseButtonCodes.h" />
  </ItemGroup>
  <ItemGroup>
    <ClCompile Include="src\OrbE\App.cpp">
      <Filter>OrbE</Filter>
    </ClCompile>
    <ClCompile Include="src\OrbE\ImGui\ImGuiLayer.cpp">
      <Filter>OrbE\ImGui</Filter>
    </ClCompile>
    <ClCompile Include="src\OrbE\Layer.cpp">
      <Filter>OrbE</Filter>
    </ClCompile>
    <ClCompile Include="src\OrbE\LayerStack.cpp">
      <Filter>OrbE</Filter>
    </ClCompile>
    <ClCompile Include="src\OrbE\Log.cpp">
      <Filter>OrbE</Filter>
    </ClCompile>
    <ClCompile Include="src\OrbPCH.cpp" />
    <ClCompile Include="src\Platform\OpenGL\ImGuiOpenGLRenderer.cpp">
      <Filter>Platform\OpenGL</Filter>
    </ClCompile>
    <ClCompile Include="src\Platform\Windows\WindowsInput.cpp">
      <Filter>Platform\Windows</Filter>
    </ClCompile>
    <ClCompile Include="src\Platform\Windows\WindowsWindow.cpp">
      <Filter>Platform\Windows</Filter>
    </ClCompile>
  </ItemGroup>
</Project>