<?xml version="1.0" encoding="utf-8"?>
<Project ToolsVersion="4.0" xmlns="http://schemas.microsoft.com/developer/msbuild/2003">
  <ItemGroup>
    <Filter Include="OrbE">
      <UniqueIdentifier>{4D538A7C-398A-8B0D-E276-7110CE8C070F}</UniqueIdentifier>
    </Filter>
  </ItemGroup>
  <ItemGroup>
    <ClInclude Include="src\OrbE.h" />
    <ClInclude Include="src\OrbE\App.h">
      <Filter>OrbE</Filter>
    </ClInclude>
    <ClInclude Include="src\OrbE\Core.h">
      <Filter>OrbE</Filter>
    </ClInclude>
    <ClInclude Include="src\OrbE\EntryPoint.h">
      <Filter>OrbE</Filter>
    </ClInclude>
    <ClInclude Include="src\OrbE\Log.h">
      <Filter>OrbE</Filter>
    </ClInclude>
  </ItemGroup>
  <ItemGroup>
    <ClCompile Include="src\OrbE\App.cpp">
      <Filter>OrbE</Filter>
    </ClCompile>
    <ClCompile Include="src\OrbE\Log.cpp">
      <Filter>OrbE</Filter>
    </ClCompile>
  </ItemGroup>
</Project>