<?xml version="1.0" encoding="utf-8"?>
<Project ToolsVersion="4.0" xmlns="http://schemas.microsoft.com/developer/msbuild/2003">
  <ItemGroup>
    <Filter Include="OrbE">
      <UniqueIdentifier>{4D538A7C-398A-8B0D-E276-7110CE8C070F}</UniqueIdentifier>
    </Filter>
    <Filter Include="OrbE\Events">
      <UniqueIdentifier>{91A691F0-FD5B-0AE6-8650-04BDF20401EA}</UniqueIdentifier>
    </Filter>
    <Filter Include="Platform">
      <UniqueIdentifier>{2AC788B4-1694-E3BF-3FAD-D1672BD9184E}</UniqueIdentifier>
    </Filter>
    <Filter Include="Platform\Windows">
      <UniqueIdentifier>{64FBD71A-50F4-F66C-7926-DCF1657ED678}</UniqueIdentifier>
    </Filter>
  </ItemGroup>
  <ItemGroup>
    <ClInclude Include="src\OrbE.h" />
    <ClInclude Include="src\OrbE\App.h">
      <Filter>OrbE</Filter>
    </ClInclude>
    <ClInclude Include="src\OrbE\Core.h">
      <Filter>OrbE</Filter>
    </ClInclude>
    <ClInclude Include="src\OrbE\EntryPoint.h">
      <Filter>OrbE</Filter>
    </ClInclude>
    <ClInclude Include="src\OrbE\Events\AppEvent.h">
      <Filter>OrbE\Events</Filter>
    </ClInclude>
    <ClInclude Include="src\OrbE\Events\Event.h">
      <Filter>OrbE\Events</Filter>
    </ClInclude>
    <ClInclude Include="src\OrbE\Events\KeyEvent.h">
      <Filter>OrbE\Events</Filter>
    </ClInclude>
    <ClInclude Include="src\OrbE\Events\MouseEvent.h">
      <Filter>OrbE\Events</Filter>
    </ClInclude>
    <ClInclude Include="src\OrbE\Layer.h">
      <Filter>OrbE</Filter>
    </ClInclude>
    <ClInclude Include="src\OrbE\LayerStack.h">
      <Filter>OrbE</Filter>
    </ClInclude>
    <ClInclude Include="src\OrbE\Log.h">
      <Filter>OrbE</Filter>
    </ClInclude>
    <ClInclude Include="src\OrbE\Window.h">
      <Filter>OrbE</Filter>
    </ClInclude>
    <ClInclude Include="src\OrbPCH.h" />
    <ClInclude Include="src\Platform\Windows\WindowsWindow.h">
      <Filter>Platform\Windows</Filter>
    </ClInclude>
  </ItemGroup>
  <ItemGroup>
    <ClCompile Include="src\OrbE\App.cpp">
      <Filter>OrbE</Filter>
    </ClCompile>
    <ClCompile Include="src\OrbE\Layer.cpp">
      <Filter>OrbE</Filter>
    </ClCompile>
    <ClCompile Include="src\OrbE\LayerStack.cpp">
      <Filter>OrbE</Filter>
    </ClCompile>
    <ClCompile Include="src\OrbE\Log.cpp">
      <Filter>OrbE</Filter>
    </ClCompile>
    <ClCompile Include="src\OrbPCH.cpp" />
    <ClCompile Include="src\Platform\Windows\WindowsWindow.cpp">
      <Filter>Platform\Windows</Filter>
    </ClCompile>
  </ItemGroup>
</Project>